// !$*UTF8*$!
{
	archiveVersion = 1;
	classes = {
	};
	objectVersion = 55;
	objects = {

/* Begin PBXBuildFile section */
		C203618A2818464C008F6AD4 /* CategoryViewController.swift in Sources */ = {isa = PBXBuildFile; fileRef = C20361892818464C008F6AD4 /* CategoryViewController.swift */; };
		C2B9DA5A2817C43100CD9442 /* SF-Pro.ttf in Resources */ = {isa = PBXBuildFile; fileRef = C2B9DA592817C43100CD9442 /* SF-Pro.ttf */; };
		C2B9DA5D2817E02800CD9442 /* StorageCategory+CoreDataClass.swift in Sources */ = {isa = PBXBuildFile; fileRef = C2B9DA5B2817E02800CD9442 /* StorageCategory+CoreDataClass.swift */; };
		C2B9DA5E2817E02800CD9442 /* StorageCategory+CoreDataProperties.swift in Sources */ = {isa = PBXBuildFile; fileRef = C2B9DA5C2817E02800CD9442 /* StorageCategory+CoreDataProperties.swift */; };
		C2BA17192817C01B006C8A51 /* AppDelegate.swift in Sources */ = {isa = PBXBuildFile; fileRef = C2BA17182817C01B006C8A51 /* AppDelegate.swift */; };
		C2BA171B2817C01B006C8A51 /* SceneDelegate.swift in Sources */ = {isa = PBXBuildFile; fileRef = C2BA171A2817C01B006C8A51 /* SceneDelegate.swift */; };
		C2BA171D2817C01B006C8A51 /* ViewController.swift in Sources */ = {isa = PBXBuildFile; fileRef = C2BA171C2817C01B006C8A51 /* ViewController.swift */; };
		C2BA17202817C01B006C8A51 /* Main.storyboard in Resources */ = {isa = PBXBuildFile; fileRef = C2BA171E2817C01B006C8A51 /* Main.storyboard */; };
		C2BA17232817C01B006C8A51 /* VicaNanoWeer.xcdatamodeld in Sources */ = {isa = PBXBuildFile; fileRef = C2BA17212817C01B006C8A51 /* VicaNanoWeer.xcdatamodeld */; };
		C2BA17252817C01C006C8A51 /* Assets.xcassets in Resources */ = {isa = PBXBuildFile; fileRef = C2BA17242817C01C006C8A51 /* Assets.xcassets */; };
		C2BA17282817C01C006C8A51 /* LaunchScreen.storyboard in Resources */ = {isa = PBXBuildFile; fileRef = C2BA17262817C01C006C8A51 /* LaunchScreen.storyboard */; };
/* End PBXBuildFile section */

/* Begin PBXFileReference section */
		C20361892818464C008F6AD4 /* CategoryViewController.swift */ = {isa = PBXFileReference; lastKnownFileType = sourcecode.swift; path = CategoryViewController.swift; sourceTree = "<group>"; };
		C2B9DA592817C43100CD9442 /* SF-Pro.ttf */ = {isa = PBXFileReference; lastKnownFileType = file; name = "SF-Pro.ttf"; path = "../../../../MC1-Group12/MC1-Group12/fonts/SF-Pro.ttf"; sourceTree = "<group>"; };
		C2B9DA5B2817E02800CD9442 /* StorageCategory+CoreDataClass.swift */ = {isa = PBXFileReference; lastKnownFileType = sourcecode.swift; path = "StorageCategory+CoreDataClass.swift"; sourceTree = "<group>"; };
		C2B9DA5C2817E02800CD9442 /* StorageCategory+CoreDataProperties.swift */ = {isa = PBXFileReference; lastKnownFileType = sourcecode.swift; path = "StorageCategory+CoreDataProperties.swift"; sourceTree = "<group>"; };
		C2BA17152817C01B006C8A51 /* VicaNanoWeer.app */ = {isa = PBXFileReference; explicitFileType = wrapper.application; includeInIndex = 0; path = VicaNanoWeer.app; sourceTree = BUILT_PRODUCTS_DIR; };
		C2BA17182817C01B006C8A51 /* AppDelegate.swift */ = {isa = PBXFileReference; lastKnownFileType = sourcecode.swift; path = AppDelegate.swift; sourceTree = "<group>"; };
		C2BA171A2817C01B006C8A51 /* SceneDelegate.swift */ = {isa = PBXFileReference; lastKnownFileType = sourcecode.swift; path = SceneDelegate.swift; sourceTree = "<group>"; };
		C2BA171C2817C01B006C8A51 /* ViewController.swift */ = {isa = PBXFileReference; lastKnownFileType = sourcecode.swift; path = ViewController.swift; sourceTree = "<group>"; };
		C2BA171F2817C01B006C8A51 /* Base */ = {isa = PBXFileReference; lastKnownFileType = file.storyboard; name = Base; path = Base.lproj/Main.storyboard; sourceTree = "<group>"; };
		C2BA17222817C01B006C8A51 /* VicaNanoWeer.xcdatamodel */ = {isa = PBXFileReference; lastKnownFileType = wrapper.xcdatamodel; path = VicaNanoWeer.xcdatamodel; sourceTree = "<group>"; };
		C2BA17242817C01C006C8A51 /* Assets.xcassets */ = {isa = PBXFileReference; lastKnownFileType = folder.assetcatalog; path = Assets.xcassets; sourceTree = "<group>"; };
		C2BA17272817C01C006C8A51 /* Base */ = {isa = PBXFileReference; lastKnownFileType = file.storyboard; name = Base; path = Base.lproj/LaunchScreen.storyboard; sourceTree = "<group>"; };
		C2BA17292817C01C006C8A51 /* Info.plist */ = {isa = PBXFileReference; lastKnownFileType = text.plist.xml; path = Info.plist; sourceTree = "<group>"; };
/* End PBXFileReference section */

/* Begin PBXFrameworksBuildPhase section */
		C2BA17122817C01B006C8A51 /* Frameworks */ = {
			isa = PBXFrameworksBuildPhase;
			buildActionMask = 2147483647;
			files = (
			);
			runOnlyForDeploymentPostprocessing = 0;
		};
/* End PBXFrameworksBuildPhase section */

/* Begin PBXGroup section */
		C203618C28184693008F6AD4 /* CategoryDetails */ = {
			isa = PBXGroup;
			children = (
				C20361892818464C008F6AD4 /* CategoryViewController.swift */,
			);
			path = CategoryDetails;
			sourceTree = "<group>";
		};
		C2B9DA582817C3B100CD9442 /* Font */ = {
			isa = PBXGroup;
			children = (
				C2B9DA592817C43100CD9442 /* SF-Pro.ttf */,
			);
			path = Font;
			sourceTree = "<group>";
		};
		C2B9DA5F2817E04D00CD9442 /* StorageCategory */ = {
			isa = PBXGroup;
			children = (
				C2B9DA5B2817E02800CD9442 /* StorageCategory+CoreDataClass.swift */,
				C2B9DA5C2817E02800CD9442 /* StorageCategory+CoreDataProperties.swift */,
			);
			path = StorageCategory;
			sourceTree = "<group>";
		};
		C2BA170C2817C01B006C8A51 = {
			isa = PBXGroup;
			children = (
				C2BA17172817C01B006C8A51 /* VicaNanoWeer */,
				C2BA17162817C01B006C8A51 /* Products */,
			);
			sourceTree = "<group>";
		};
		C2BA17162817C01B006C8A51 /* Products */ = {
			isa = PBXGroup;
			children = (
				C2BA17152817C01B006C8A51 /* VicaNanoWeer.app */,
			);
			name = Products;
			sourceTree = "<group>";
		};
		C2BA17172817C01B006C8A51 /* VicaNanoWeer */ = {
			isa = PBXGroup;
			children = (
				C2B9DA5F2817E04D00CD9442 /* StorageCategory */,
				C203618C28184693008F6AD4 /* CategoryDetails */,
				C2BA17182817C01B006C8A51 /* AppDelegate.swift */,
				C2BA171A2817C01B006C8A51 /* SceneDelegate.swift */,
				C2BA171C2817C01B006C8A51 /* ViewController.swift */,
				C2BA171E2817C01B006C8A51 /* Main.storyboard */,
				C2B9DA582817C3B100CD9442 /* Font */,
				C2BA17242817C01C006C8A51 /* Assets.xcassets */,
				C2BA17262817C01C006C8A51 /* LaunchScreen.storyboard */,
				C2BA17292817C01C006C8A51 /* Info.plist */,
				C2BA17212817C01B006C8A51 /* VicaNanoWeer.xcdatamodeld */,
			);
			path = VicaNanoWeer;
			sourceTree = "<group>";
		};
/* End PBXGroup section */

/* Begin PBXNativeTarget section */
		C2BA17142817C01B006C8A51 /* VicaNanoWeer */ = {
			isa = PBXNativeTarget;
			buildConfigurationList = C2BA172C2817C01C006C8A51 /* Build configuration list for PBXNativeTarget "VicaNanoWeer" */;
			buildPhases = (
				C2BA17112817C01B006C8A51 /* Sources */,
				C2BA17122817C01B006C8A51 /* Frameworks */,
				C2BA17132817C01B006C8A51 /* Resources */,
			);
			buildRules = (
			);
			dependencies = (
			);
			name = VicaNanoWeer;
			productName = VicaNanoWeer;
			productReference = C2BA17152817C01B006C8A51 /* VicaNanoWeer.app */;
			productType = "com.apple.product-type.application";
		};
/* End PBXNativeTarget section */

/* Begin PBXProject section */
		C2BA170D2817C01B006C8A51 /* Project object */ = {
			isa = PBXProject;
			attributes = {
				BuildIndependentTargetsInParallel = 1;
				LastSwiftUpdateCheck = 1330;
				LastUpgradeCheck = 1330;
				TargetAttributes = {
					C2BA17142817C01B006C8A51 = {
						CreatedOnToolsVersion = 13.3.1;
					};
				};
			};
			buildConfigurationList = C2BA17102817C01B006C8A51 /* Build configuration list for PBXProject "VicaNanoWeer" */;
			compatibilityVersion = "Xcode 13.0";
			developmentRegion = en;
			hasScannedForEncodings = 0;
			knownRegions = (
				en,
				Base,
			);
			mainGroup = C2BA170C2817C01B006C8A51;
			productRefGroup = C2BA17162817C01B006C8A51 /* Products */;
			projectDirPath = "";
			projectRoot = "";
			targets = (
				C2BA17142817C01B006C8A51 /* VicaNanoWeer */,
			);
		};
/* End PBXProject section */

/* Begin PBXResourcesBuildPhase section */
		C2BA17132817C01B006C8A51 /* Resources */ = {
			isa = PBXResourcesBuildPhase;
			buildActionMask = 2147483647;
			files = (
				C2BA17282817C01C006C8A51 /* LaunchScreen.storyboard in Resources */,
				C2B9DA5A2817C43100CD9442 /* SF-Pro.ttf in Resources */,
				C2BA17252817C01C006C8A51 /* Assets.xcassets in Resources */,
				C2BA17202817C01B006C8A51 /* Main.storyboard in Resources */,
			);
			runOnlyForDeploymentPostprocessing = 0;
		};
/* End PBXResourcesBuildPhase section */

/* Begin PBXSourcesBuildPhase section */
		C2BA17112817C01B006C8A51 /* Sources */ = {
			isa = PBXSourcesBuildPhase;
			buildActionMask = 2147483647;
			files = (
				C2BA171D2817C01B006C8A51 /* ViewController.swift in Sources */,
				C2B9DA5E2817E02800CD9442 /* StorageCategory+CoreDataProperties.swift in Sources */,
				C203618A2818464C008F6AD4 /* CategoryViewController.swift in Sources */,
				C2BA17192817C01B006C8A51 /* AppDelegate.swift in Sources */,
				C2B9DA5D2817E02800CD9442 /* StorageCategory+CoreDataClass.swift in Sources */,
				C2BA171B2817C01B006C8A51 /* SceneDelegate.swift in Sources */,
				C2BA17232817C01B006C8A51 /* VicaNanoWeer.xcdatamodeld in Sources */,
			);
			runOnlyForDeploymentPostprocessing = 0;
		};
/* End PBXSourcesBuildPhase section */

/* Begin PBXVariantGroup section */
		C2BA171E2817C01B006C8A51 /* Main.storyboard */ = {
			isa = PBXVariantGroup;
			children = (
				C2BA171F2817C01B006C8A51 /* Base */,
			);
			name = Main.storyboard;
			sourceTree = "<group>";
		};
		C2BA17262817C01C006C8A51 /* LaunchScreen.storyboard */ = {
			isa = PBXVariantGroup;
			children = (
				C2BA17272817C01C006C8A51 /* Base */,
			);
			name = LaunchScreen.storyboard;
			sourceTree = "<group>";
		};
/* End PBXVariantGroup section */

/* Begin XCBuildConfiguration section */
		C2BA172A2817C01C006C8A51 /* Debug */ = {
			isa = XCBuildConfiguration;
			buildSettings = {
				ALWAYS_SEARCH_USER_PATHS = NO;
				CLANG_ANALYZER_NONNULL = YES;
				CLANG_ANALYZER_NUMBER_OBJECT_CONVERSION = YES_AGGRESSIVE;
				CLANG_CXX_LANGUAGE_STANDARD = "gnu++17";
				CLANG_ENABLE_MODULES = YES;
				CLANG_ENABLE_OBJC_ARC = YES;
				CLANG_ENABLE_OBJC_WEAK = YES;
				CLANG_WARN_BLOCK_CAPTURE_AUTORELEASING = YES;
				CLANG_WARN_BOOL_CONVERSION = YES;
				CLANG_WARN_COMMA = YES;
				CLANG_WARN_CONSTANT_CONVERSION = YES;
				CLANG_WARN_DEPRECATED_OBJC_IMPLEMENTATIONS = YES;
				CLANG_WARN_DIRECT_OBJC_ISA_USAGE = YES_ERROR;
				CLANG_WARN_DOCUMENTATION_COMMENTS = YES;
				CLANG_WARN_EMPTY_BODY = YES;
				CLANG_WARN_ENUM_CONVERSION = YES;
				CLANG_WARN_INFINITE_RECURSION = YES;
				CLANG_WARN_INT_CONVERSION = YES;
				CLANG_WARN_NON_LITERAL_NULL_CONVERSION = YES;
				CLANG_WARN_OBJC_IMPLICIT_RETAIN_SELF = YES;
				CLANG_WARN_OBJC_LITERAL_CONVERSION = YES;
				CLANG_WARN_OBJC_ROOT_CLASS = YES_ERROR;
				CLANG_WARN_QUOTED_INCLUDE_IN_FRAMEWORK_HEADER = YES;
				CLANG_WARN_RANGE_LOOP_ANALYSIS = YES;
				CLANG_WARN_STRICT_PROTOTYPES = YES;
				CLANG_WARN_SUSPICIOUS_MOVE = YES;
				CLANG_WARN_UNGUARDED_AVAILABILITY = YES_AGGRESSIVE;
				CLANG_WARN_UNREACHABLE_CODE = YES;
				CLANG_WARN__DUPLICATE_METHOD_MATCH = YES;
				COPY_PHASE_STRIP = NO;
				DEBUG_INFORMATION_FORMAT = dwarf;
				ENABLE_STRICT_OBJC_MSGSEND = YES;
				ENABLE_TESTABILITY = YES;
				GCC_C_LANGUAGE_STANDARD = gnu11;
				GCC_DYNAMIC_NO_PIC = NO;
				GCC_NO_COMMON_BLOCKS = YES;
				GCC_OPTIMIZATION_LEVEL = 0;
				GCC_PREPROCESSOR_DEFINITIONS = (
					"DEBUG=1",
					"$(inherited)",
				);
				GCC_WARN_64_TO_32_BIT_CONVERSION = YES;
				GCC_WARN_ABOUT_RETURN_TYPE = YES_ERROR;
				GCC_WARN_UNDECLARED_SELECTOR = YES;
				GCC_WARN_UNINITIALIZED_AUTOS = YES_AGGRESSIVE;
				GCC_WARN_UNUSED_FUNCTION = YES;
				GCC_WARN_UNUSED_VARIABLE = YES;
				IPHONEOS_DEPLOYMENT_TARGET = 15.4;
				MTL_ENABLE_DEBUG_INFO = INCLUDE_SOURCE;
				MTL_FAST_MATH = YES;
				ONLY_ACTIVE_ARCH = YES;
				SDKROOT = iphoneos;
				SWIFT_ACTIVE_COMPILATION_CONDITIONS = DEBUG;
				SWIFT_OPTIMIZATION_LEVEL = "-Onone";
			};
			name = Debug;
		};
		C2BA172B2817C01C006C8A51 /* Release */ = {
			isa = XCBuildConfiguration;
			buildSettings = {
				ALWAYS_SEARCH_USER_PATHS = NO;
				CLANG_ANALYZER_NONNULL = YES;
				CLANG_ANALYZER_NUMBER_OBJECT_CONVERSION = YES_AGGRESSIVE;
				CLANG_CXX_LANGUAGE_STANDARD = "gnu++17";
				CLANG_ENABLE_MODULES = YES;
				CLANG_ENABLE_OBJC_ARC = YES;
				CLANG_ENABLE_OBJC_WEAK = YES;
				CLANG_WARN_BLOCK_CAPTURE_AUTORELEASING = YES;
				CLANG_WARN_BOOL_CONVERSION = YES;
				CLANG_WARN_COMMA = YES;
				CLANG_WARN_CONSTANT_CONVERSION = YES;
				CLANG_WARN_DEPRECATED_OBJC_IMPLEMENTATIONS = YES;
				CLANG_WARN_DIRECT_OBJC_ISA_USAGE = YES_ERROR;
				CLANG_WARN_DOCUMENTATION_COMMENTS = YES;
				CLANG_WARN_EMPTY_BODY = YES;
				CLANG_WARN_ENUM_CONVERSION = YES;
				CLANG_WARN_INFINITE_RECURSION = YES;
				CLANG_WARN_INT_CONVERSION = YES;
				CLANG_WARN_NON_LITERAL_NULL_CONVERSION = YES;
				CLANG_WARN_OBJC_IMPLICIT_RETAIN_SELF = YES;
				CLANG_WARN_OBJC_LITERAL_CONVERSION = YES;
				CLANG_WARN_OBJC_ROOT_CLASS = YES_ERROR;
				CLANG_WARN_QUOTED_INCLUDE_IN_FRAMEWORK_HEADER = YES;
				CLANG_WARN_RANGE_LOOP_ANALYSIS = YES;
				CLANG_WARN_STRICT_PROTOTYPES = YES;
				CLANG_WARN_SUSPICIOUS_MOVE = YES;
				CLANG_WARN_UNGUARDED_AVAILABILITY = YES_AGGRESSIVE;
				CLANG_WARN_UNREACHABLE_CODE = YES;
				CLANG_WARN__DUPLICATE_METHOD_MATCH = YES;
				COPY_PHASE_STRIP = NO;
				DEBUG_INFORMATION_FORMAT = "dwarf-with-dsym";
				ENABLE_NS_ASSERTIONS = NO;
				ENABLE_STRICT_OBJC_MSGSEND = YES;
				GCC_C_LANGUAGE_STANDARD = gnu11;
				GCC_NO_COMMON_BLOCKS = YES;
				GCC_WARN_64_TO_32_BIT_CONVERSION = YES;
				GCC_WARN_ABOUT_RETURN_TYPE = YES_ERROR;
				GCC_WARN_UNDECLARED_SELECTOR = YES;
				GCC_WARN_UNINITIALIZED_AUTOS = YES_AGGRESSIVE;
				GCC_WARN_UNUSED_FUNCTION = YES;
				GCC_WARN_UNUSED_VARIABLE = YES;
				IPHONEOS_DEPLOYMENT_TARGET = 15.4;
				MTL_ENABLE_DEBUG_INFO = NO;
				MTL_FAST_MATH = YES;
				SDKROOT = iphoneos;
				SWIFT_COMPILATION_MODE = wholemodule;
				SWIFT_OPTIMIZATION_LEVEL = "-O";
				VALIDATE_PRODUCT = YES;
			};
			name = Release;
		};
		C2BA172D2817C01C006C8A51 /* Debug */ = {
			isa = XCBuildConfiguration;
			buildSettings = {
				ASSETCATALOG_COMPILER_APPICON_NAME = AppIcon;
				ASSETCATALOG_COMPILER_GLOBAL_ACCENT_COLOR_NAME = AccentColor;
				CODE_SIGN_STYLE = Automatic;
				CURRENT_PROJECT_VERSION = 1;
				DEVELOPMENT_TEAM = 8F64K5MPSU;
				GENERATE_INFOPLIST_FILE = YES;
				INFOPLIST_FILE = VicaNanoWeer/Info.plist;
				INFOPLIST_KEY_CFBundleDisplayName = Weer;
				INFOPLIST_KEY_UIApplicationSupportsIndirectInputEvents = YES;
				INFOPLIST_KEY_UILaunchStoryboardName = LaunchScreen;
				INFOPLIST_KEY_UIMainStoryboardFile = Main;
				INFOPLIST_KEY_UISupportedInterfaceOrientations_iPad = "UIInterfaceOrientationPortrait UIInterfaceOrientationPortraitUpsideDown UIInterfaceOrientationLandscapeLeft UIInterfaceOrientationLandscapeRight";
				INFOPLIST_KEY_UISupportedInterfaceOrientations_iPhone = "UIInterfaceOrientationPortrait UIInterfaceOrientationLandscapeLeft UIInterfaceOrientationLandscapeRight";
				LD_RUNPATH_SEARCH_PATHS = (
					"$(inherited)",
					"@executable_path/Frameworks",
				);
				MARKETING_VERSION = 1.0;
				PRODUCT_BUNDLE_IDENTIFIER = com.vica.VicaNanoWeer;
				PRODUCT_NAME = "$(TARGET_NAME)";
				SWIFT_EMIT_LOC_STRINGS = YES;
				SWIFT_VERSION = 5.0;
				TARGETED_DEVICE_FAMILY = "1,2";
			};
			name = Debug;
		};
		C2BA172E2817C01C006C8A51 /* Release */ = {
			isa = XCBuildConfiguration;
			buildSettings = {
				ASSETCATALOG_COMPILER_APPICON_NAME = AppIcon;
				ASSETCATALOG_COMPILER_GLOBAL_ACCENT_COLOR_NAME = AccentColor;
				CODE_SIGN_STYLE = Automatic;
				CURRENT_PROJECT_VERSION = 1;
				DEVELOPMENT_TEAM = 8F64K5MPSU;
				GENERATE_INFOPLIST_FILE = YES;
				INFOPLIST_FILE = VicaNanoWeer/Info.plist;
				INFOPLIST_KEY_CFBundleDisplayName = Weer;
				INFOPLIST_KEY_UIApplicationSupportsIndirectInputEvents = YES;
				INFOPLIST_KEY_UILaunchStoryboardName = LaunchScreen;
				INFOPLIST_KEY_UIMainStoryboardFile = Main;
				INFOPLIST_KEY_UISupportedInterfaceOrientations_iPad = "UIInterfaceOrientationPortrait UIInterfaceOrientationPortraitUpsideDown UIInterfaceOrientationLandscapeLeft UIInterfaceOrientationLandscapeRight";
				INFOPLIST_KEY_UISupportedInterfaceOrientations_iPhone = "UIInterfaceOrientationPortrait UIInterfaceOrientationLandscapeLeft UIInterfaceOrientationLandscapeRight";
				LD_RUNPATH_SEARCH_PATHS = (
					"$(inherited)",
					"@executable_path/Frameworks",
				);
				MARKETING_VERSION = 1.0;
				PRODUCT_BUNDLE_IDENTIFIER = com.vica.VicaNanoWeer;
				PRODUCT_NAME = "$(TARGET_NAME)";
				SWIFT_EMIT_LOC_STRINGS = YES;
				SWIFT_VERSION = 5.0;
				TARGETED_DEVICE_FAMILY = "1,2";
			};
			name = Release;
		};
/* End XCBuildConfiguration section */

/* Begin XCConfigurationList section */
		C2BA17102817C01B006C8A51 /* Build configuration list for PBXProject "VicaNanoWeer" */ = {
			isa = XCConfigurationList;
			buildConfigurations = (
				C2BA172A2817C01C006C8A51 /* Debug */,
				C2BA172B2817C01C006C8A51 /* Release */,
			);
			defaultConfigurationIsVisible = 0;
			defaultConfigurationName = Release;
		};
		C2BA172C2817C01C006C8A51 /* Build configuration list for PBXNativeTarget "VicaNanoWeer" */ = {
			isa = XCConfigurationList;
			buildConfigurations = (
				C2BA172D2817C01C006C8A51 /* Debug */,
				C2BA172E2817C01C006C8A51 /* Release */,
			);
			defaultConfigurationIsVisible = 0;
			defaultConfigurationName = Release;
		};
/* End XCConfigurationList section */

/* Begin XCVersionGroup section */
		C2BA17212817C01B006C8A51 /* VicaNanoWeer.xcdatamodeld */ = {
			isa = XCVersionGroup;
			children = (
				C2BA17222817C01B006C8A51 /* VicaNanoWeer.xcdatamodel */,
			);
			currentVersion = C2BA17222817C01B006C8A51 /* VicaNanoWeer.xcdatamodel */;
			path = VicaNanoWeer.xcdatamodeld;
			sourceTree = "<group>";
			versionGroupType = wrapper.xcdatamodel;
		};
/* End XCVersionGroup section */
	};
	rootObject = C2BA170D2817C01B006C8A51 /* Project object */;
}
